
Microsoft Visual Studio Solution File, Format Version 12.00
# Visual Studio Version 17
VisualStudioVersion = 17.0.31903.59
MinimumVisualStudioVersion = 10.0.40219.1
Project("{9A19103F-16F7-4668-BE54-9A1E7A4F7556}") = "BookBinder", "BookBinder\BookBinder.csproj", "{6BE5C80B-3752-48D5-9BEB-49F74E46CE89}"
EndProject
Project("{9A19103F-16F7-4668-BE54-9A1E7A4F7556}") = "BookBinder.Application", "BookBinder.Application\BookBinder.Application.csproj", "{27FB67FA-5755-4023-9506-8523AA545167}"
EndProject
Project("{9A19103F-16F7-4668-BE54-9A1E7A4F7556}") = "BookBinder.Infrastructure", "BookBinder.Infrastructure\BookBinder.Infrastructure.csproj", "{903318CB-F50A-4BA3-A2A3-98F79B361DAB}"
EndProject
Project("{9A19103F-16F7-4668-BE54-9A1E7A4F7556}") = "Bookbinder.Tests", "Bookbinder.Tests\Bookbinder.Tests.csproj", "{40552331-A672-46A1-A24E-EA879DAB9371}"
EndProject
Project("{9A19103F-16F7-4668-BE54-9A1E7A4F7556}") = "Bookbinder.Domain", "Bookbinder.Domain\Bookbinder.Domain.csproj", "{C0FFC7EA-C1E4-4D54-90AE-7290E2E2F7CA}"
EndProject
Project("{FAE04EC0-301F-11D3-BF4B-00C04F79EFBC}") = "BookBinder.Idp", "BookBinder.Idp\BookBinder.Idp.csproj", "{DF87F572-417F-4FF1-BD0A-1F723F3BD5AC}"
EndProject
Global
	GlobalSection(SolutionConfigurationPlatforms) = preSolution
		Debug|Any CPU = Debug|Any CPU
		Release|Any CPU = Release|Any CPU
	EndGlobalSection
	GlobalSection(ProjectConfigurationPlatforms) = postSolution
		{6BE5C80B-3752-48D5-9BEB-49F74E46CE89}.Debug|Any CPU.ActiveCfg = Debug|Any CPU
		{6BE5C80B-3752-48D5-9BEB-49F74E46CE89}.Debug|Any CPU.Build.0 = Debug|Any CPU
		{6BE5C80B-3752-48D5-9BEB-49F74E46CE89}.Release|Any CPU.ActiveCfg = Release|Any CPU
		{6BE5C80B-3752-48D5-9BEB-49F74E46CE89}.Release|Any CPU.Build.0 = Release|Any CPU
		{27FB67FA-5755-4023-9506-8523AA545167}.Debug|Any CPU.ActiveCfg = Debug|Any CPU
		{27FB67FA-5755-4023-9506-8523AA545167}.Debug|Any CPU.Build.0 = Debug|Any CPU
		{27FB67FA-5755-4023-9506-8523AA545167}.Release|Any CPU.ActiveCfg = Release|Any CPU
		{27FB67FA-5755-4023-9506-8523AA545167}.Release|Any CPU.Build.0 = Release|Any CPU
		{903318CB-F50A-4BA3-A2A3-98F79B361DAB}.Debug|Any CPU.ActiveCfg = Debug|Any CPU
		{903318CB-F50A-4BA3-A2A3-98F79B361DAB}.Debug|Any CPU.Build.0 = Debug|Any CPU
		{903318CB-F50A-4BA3-A2A3-98F79B361DAB}.Release|Any CPU.ActiveCfg = Release|Any CPU
		{903318CB-F50A-4BA3-A2A3-98F79B361DAB}.Release|Any CPU.Build.0 = Release|Any CPU
		{40552331-A672-46A1-A24E-EA879DAB9371}.Debug|Any CPU.ActiveCfg = Debug|Any CPU
		{40552331-A672-46A1-A24E-EA879DAB9371}.Debug|Any CPU.Build.0 = Debug|Any CPU
		{40552331-A672-46A1-A24E-EA879DAB9371}.Release|Any CPU.ActiveCfg = Release|Any CPU
		{40552331-A672-46A1-A24E-EA879DAB9371}.Release|Any CPU.Build.0 = Release|Any CPU
		{C0FFC7EA-C1E4-4D54-90AE-7290E2E2F7CA}.Debug|Any CPU.ActiveCfg = Debug|Any CPU
		{C0FFC7EA-C1E4-4D54-90AE-7290E2E2F7CA}.Debug|Any CPU.Build.0 = Debug|Any CPU
		{C0FFC7EA-C1E4-4D54-90AE-7290E2E2F7CA}.Release|Any CPU.ActiveCfg = Release|Any CPU
		{C0FFC7EA-C1E4-4D54-90AE-7290E2E2F7CA}.Release|Any CPU.Build.0 = Release|Any CPU
		{DF87F572-417F-4FF1-BD0A-1F723F3BD5AC}.Debug|Any CPU.ActiveCfg = Debug|Any CPU
		{DF87F572-417F-4FF1-BD0A-1F723F3BD5AC}.Debug|Any CPU.Build.0 = Debug|Any CPU
		{DF87F572-417F-4FF1-BD0A-1F723F3BD5AC}.Release|Any CPU.ActiveCfg = Release|Any CPU
		{DF87F572-417F-4FF1-BD0A-1F723F3BD5AC}.Release|Any CPU.Build.0 = Release|Any CPU
	EndGlobalSection
	GlobalSection(SolutionProperties) = preSolution
		HideSolutionNode = FALSE
	EndGlobalSection
	GlobalSection(ExtensibilityGlobals) = postSolution
		SolutionGuid = {AB9B1EB4-912A-4310-A50A-FBCD39FA0104}
	EndGlobalSection
EndGlobal
